
Microsoft Visual Studio Solution File, Format Version 12.00
# Visual Studio 15
VisualStudioVersion = 15.0.27130.2020
MinimumVisualStudioVersion = 10.0.40219.1
Project("{FAE04EC0-301F-11D3-BF4B-00C04F79EFBC}") = "cs3750FinalProject", "cs3750FinalProject\cs3750FinalProject.csproj", "{6CA1521D-68E0-486A-8F70-81FCEB52C96B}"
EndProject
Global
	GlobalSection(SolutionConfigurationPlatforms) = preSolution
		Debug|Any CPU = Debug|Any CPU
		Release|Any CPU = Release|Any CPU
	EndGlobalSection
	GlobalSection(ProjectConfigurationPlatforms) = postSolution
		{6CA1521D-68E0-486A-8F70-81FCEB52C96B}.Debug|Any CPU.ActiveCfg = Debug|Any CPU
		{6CA1521D-68E0-486A-8F70-81FCEB52C96B}.Debug|Any CPU.Build.0 = Debug|Any CPU
		{6CA1521D-68E0-486A-8F70-81FCEB52C96B}.Release|Any CPU.ActiveCfg = Release|Any CPU
		{6CA1521D-68E0-486A-8F70-81FCEB52C96B}.Release|Any CPU.Build.0 = Release|Any CPU
	EndGlobalSection
	GlobalSection(SolutionProperties) = preSolution
		HideSolutionNode = FALSE
	EndGlobalSection
	GlobalSection(ExtensibilityGlobals) = postSolution
		SolutionGuid = {ED001DE0-A6C7-40CC-84B7-5760855E6779}
	EndGlobalSection
EndGlobal
